{
  "lockfileVersion": 1,
  "workspaces": {
    "": {
      "name": "@yep/bun",
      "dependencies": {
        "@somnolence/core": "^0.0.12",
      },
      "devDependencies": {
        "@types/bun": "latest",
      },
      "peerDependencies": {
        "typescript": "^5.0.0",
      },
    },
  },
  "packages": {
    "@sinclair/typebox": ["@sinclair/typebox@0.34.28", "", {}, "sha512-e2B9vmvaa5ym5hWgCHw5CstP54au6AOLXrhZErLsOyyRzuWJtXl/8TszKtc5x8rw/b+oY7HKS9m9iRI53RK0WQ=="],

    "@somnolence/core": ["@somnolence/core@0.0.12", "", { "dependencies": { "@sinclair/typebox": "^0.34.28", "query-string": "^9.1.1" }, "peerDependencies": { "typescript": "^5.0.0" } }, "sha512-ib07Gl6Zdji0h04ffhWu4FGaTX671T4bCIGK6eIavXg/Koh+awCOJjM4ZhjQzbJX1bLdaBxowg2btryH3mo9RA=="],

    "@types/bun": ["@types/bun@1.2.2", "", { "dependencies": { "bun-types": "1.2.2" } }, "sha512-tr74gdku+AEDN5ergNiBnplr7hpDp3V1h7fqI2GcR/rsUaM39jpSeKH0TFibRvU0KwniRx5POgaYnaXbk0hU+w=="],

    "@types/node": ["@types/node@22.13.4", "", { "dependencies": { "undici-types": "~6.20.0" } }, "sha512-ywP2X0DYtX3y08eFVx5fNIw7/uIv8hYUKgXoK8oayJlLnKcRfEYCxWMVE1XagUdVtCJlZT1AU4LXEABW+L1Peg=="],

    "@types/ws": ["@types/ws@8.5.14", "", { "dependencies": { "@types/node": "*" } }, "sha512-bd/YFLW+URhBzMXurx7lWByOu+xzU9+kb3RboOteXYDfW+tr+JZa99OyNmPINEGB/ahzKrEuc8rcv4gnpJmxTw=="],

    "bun-types": ["bun-types@1.2.2", "", { "dependencies": { "@types/node": "*", "@types/ws": "~8.5.10" } }, "sha512-RCbMH5elr9gjgDGDhkTTugA21XtJAy/9jkKe/G3WR2q17VPGhcquf9Sir6uay9iW+7P/BV0CAHA1XlHXMAVKHg=="],

    "decode-uri-component": ["decode-uri-component@0.4.1", "", {}, "sha512-+8VxcR21HhTy8nOt6jf20w0c9CADrw1O8d+VZ/YzzCt4bJ3uBjw+D1q2osAB8RnpwwaeYBxy0HyKQxD5JBMuuQ=="],

    "filter-obj": ["filter-obj@5.1.0", "", {}, "sha512-qWeTREPoT7I0bifpPUXtxkZJ1XJzxWtfoWWkdVGqa+eCr3SHW/Ocp89o8vLvbUuQnadybJpjOKu4V+RwO6sGng=="],

    "query-string": ["query-string@9.1.1", "", { "dependencies": { "decode-uri-component": "^0.4.1", "filter-obj": "^5.1.0", "split-on-first": "^3.0.0" } }, "sha512-MWkCOVIcJP9QSKU52Ngow6bsAWAPlPK2MludXvcrS2bGZSl+T1qX9MZvRIkqUIkGLJquMJHWfsT6eRqUpp4aWg=="],

    "split-on-first": ["split-on-first@3.0.0", "", {}, "sha512-qxQJTx2ryR0Dw0ITYyekNQWpz6f8dGd7vffGNflQQ3Iqj9NJ6qiZ7ELpZsJ/QBhIVAiDfXdag3+Gp8RvWa62AA=="],

    "typescript": ["typescript@5.7.3", "", { "bin": { "tsc": "bin/tsc", "tsserver": "bin/tsserver" } }, "sha512-84MVSjMEHP+FQRPy3pX9sTVV/INIex71s9TL2Gm5FG/WG1SqXeKyZ0k7/blY/4FdOzI12CBy1vGc4og/eus0fw=="],

    "undici-types": ["undici-types@6.20.0", "", {}, "sha512-Ny6QZ2Nju20vw1SRHe3d9jVu6gJ+4e3+MMpqu7pqE5HT6WsTSlce++GQmK5UXS8mzV8DSYHrQH+Xrf2jVcuKNg=="],
  }
}
